
Microsoft Visual Studio Solution File, Format Version 12.00
# Visual Studio 15
VisualStudioVersion = 15.0.28307.271
MinimumVisualStudioVersion = 10.0.40219.1
Project("{FAE04EC0-301F-11D3-BF4B-00C04F79EFBC}") = "Task List", "Task List\Task List.csproj", "{8A5E3198-5F9E-4C91-A40F-7965121549D1}"
EndProject
Global
	GlobalSection(SolutionConfigurationPlatforms) = preSolution
		Debug|Any CPU = Debug|Any CPU
		Release|Any CPU = Release|Any CPU
	EndGlobalSection
	GlobalSection(ProjectConfigurationPlatforms) = postSolution
		{8A5E3198-5F9E-4C91-A40F-7965121549D1}.Debug|Any CPU.ActiveCfg = Debug|Any CPU
		{8A5E3198-5F9E-4C91-A40F-7965121549D1}.Debug|Any CPU.Build.0 = Debug|Any CPU
		{8A5E3198-5F9E-4C91-A40F-7965121549D1}.Release|Any CPU.ActiveCfg = Release|Any CPU
		{8A5E3198-5F9E-4C91-A40F-7965121549D1}.Release|Any CPU.Build.0 = Release|Any CPU
	EndGlobalSection
	GlobalSection(SolutionProperties) = preSolution
		HideSolutionNode = FALSE
	EndGlobalSection
	GlobalSection(ExtensibilityGlobals) = postSolution
		SolutionGuid = {D2FDE225-9986-45AD-B01E-31B2CD5C5C86}
	EndGlobalSection
EndGlobal
